
Microsoft Visual Studio Solution File, Format Version 12.00
# Visual Studio Version 16
VisualStudioVersion = 16.0.30907.101
MinimumVisualStudioVersion = 10.0.40219.1
Project("{9A19103F-16F7-4668-BE54-9A1E7A4F7556}") = "KampIntro", "KampIntro\KampIntro.csproj", "{1031D222-83B9-4114-9DF3-085EFA58BA17}"
EndProject
Project("{9A19103F-16F7-4668-BE54-9A1E7A4F7556}") = "Donguler", "Donguler\Donguler.csproj", "{BA641CE1-596C-478D-989C-2169A41C0B52}"
EndProject
Project("{9A19103F-16F7-4668-BE54-9A1E7A4F7556}") = "ClassIntro", "ClassIntro\ClassIntro.csproj", "{866CEF32-DF64-427F-89DE-9E55CE5FD85E}"
EndProject
Project("{9A19103F-16F7-4668-BE54-9A1E7A4F7556}") = "Metotlar", "Metotlar\Metotlar.csproj", "{157E3F2F-7EA1-4F33-AC77-50E55EF9D142}"
EndProject
Project("{9A19103F-16F7-4668-BE54-9A1E7A4F7556}") = "Matematik", "Matematik\Matematik.csproj", "{B06629F4-1DFC-4957-BD7D-A28F8088ADE5}"
EndProject
Project("{9A19103F-16F7-4668-BE54-9A1E7A4F7556}") = "DegerVeReferansTipler", "DegerVeReferansTipler\DegerVeReferansTipler.csproj", "{51CAEECF-0204-4551-AEEB-7567B9F039BA}"
EndProject
Project("{9A19103F-16F7-4668-BE54-9A1E7A4F7556}") = "Interfaces", "Interfaces\Interfaces.csproj", "{97D18F17-187F-4272-93EC-AD01BF313041}"
EndProject
Project("{9A19103F-16F7-4668-BE54-9A1E7A4F7556}") = "Generics", "Generics\Generics.csproj", "{9F4AF962-E9D7-4999-80BC-968CBECCCE28}"
EndProject
Project("{9A19103F-16F7-4668-BE54-9A1E7A4F7556}") = "OOP1", "OOP1\OOP1.csproj", "{CF7D8242-BDFE-4D8A-8521-60CD3BC15E88}"
EndProject
Project("{9A19103F-16F7-4668-BE54-9A1E7A4F7556}") = "Collections", "Collections\Collections.csproj", "{1FE002D7-B142-4474-992E-0B7B36B7E8FB}"
EndProject
Project("{9A19103F-16F7-4668-BE54-9A1E7A4F7556}") = "GenericsIntro", "GenericsIntro\GenericsIntro.csproj", "{8E0B2C56-CECE-4959-9CBF-18884ABBF00E}"
EndProject
Project("{9A19103F-16F7-4668-BE54-9A1E7A4F7556}") = "ReferenceType", "ReferenceType\ReferenceType.csproj", "{1668F607-E1C1-4577-A29D-71D14580CBCF}"
EndProject
Project("{9A19103F-16F7-4668-BE54-9A1E7A4F7556}") = "GenericsOdev", "GenericsOdev\GenericsOdev.csproj", "{26982C46-5999-4E49-AEA2-563E2154851C}"
EndProject
Global
	GlobalSection(SolutionConfigurationPlatforms) = preSolution
		Debug|Any CPU = Debug|Any CPU
		Release|Any CPU = Release|Any CPU
	EndGlobalSection
	GlobalSection(ProjectConfigurationPlatforms) = postSolution
		{1031D222-83B9-4114-9DF3-085EFA58BA17}.Debug|Any CPU.ActiveCfg = Debug|Any CPU
		{1031D222-83B9-4114-9DF3-085EFA58BA17}.Debug|Any CPU.Build.0 = Debug|Any CPU
		{1031D222-83B9-4114-9DF3-085EFA58BA17}.Release|Any CPU.ActiveCfg = Release|Any CPU
		{1031D222-83B9-4114-9DF3-085EFA58BA17}.Release|Any CPU.Build.0 = Release|Any CPU
		{BA641CE1-596C-478D-989C-2169A41C0B52}.Debug|Any CPU.ActiveCfg = Debug|Any CPU
		{BA641CE1-596C-478D-989C-2169A41C0B52}.Debug|Any CPU.Build.0 = Debug|Any CPU
		{BA641CE1-596C-478D-989C-2169A41C0B52}.Release|Any CPU.ActiveCfg = Release|Any CPU
		{BA641CE1-596C-478D-989C-2169A41C0B52}.Release|Any CPU.Build.0 = Release|Any CPU
		{866CEF32-DF64-427F-89DE-9E55CE5FD85E}.Debug|Any CPU.ActiveCfg = Debug|Any CPU
		{866CEF32-DF64-427F-89DE-9E55CE5FD85E}.Debug|Any CPU.Build.0 = Debug|Any CPU
		{866CEF32-DF64-427F-89DE-9E55CE5FD85E}.Release|Any CPU.ActiveCfg = Release|Any CPU
		{866CEF32-DF64-427F-89DE-9E55CE5FD85E}.Release|Any CPU.Build.0 = Release|Any CPU
		{157E3F2F-7EA1-4F33-AC77-50E55EF9D142}.Debug|Any CPU.ActiveCfg = Debug|Any CPU
		{157E3F2F-7EA1-4F33-AC77-50E55EF9D142}.Debug|Any CPU.Build.0 = Debug|Any CPU
		{157E3F2F-7EA1-4F33-AC77-50E55EF9D142}.Release|Any CPU.ActiveCfg = Release|Any CPU
		{157E3F2F-7EA1-4F33-AC77-50E55EF9D142}.Release|Any CPU.Build.0 = Release|Any CPU
		{B06629F4-1DFC-4957-BD7D-A28F8088ADE5}.Debug|Any CPU.ActiveCfg = Debug|Any CPU
		{B06629F4-1DFC-4957-BD7D-A28F8088ADE5}.Debug|Any CPU.Build.0 = Debug|Any CPU
		{B06629F4-1DFC-4957-BD7D-A28F8088ADE5}.Release|Any CPU.ActiveCfg = Release|Any CPU
		{B06629F4-1DFC-4957-BD7D-A28F8088ADE5}.Release|Any CPU.Build.0 = Release|Any CPU
		{51CAEECF-0204-4551-AEEB-7567B9F039BA}.Debug|Any CPU.ActiveCfg = Debug|Any CPU
		{51CAEECF-0204-4551-AEEB-7567B9F039BA}.Debug|Any CPU.Build.0 = Debug|Any CPU
		{51CAEECF-0204-4551-AEEB-7567B9F039BA}.Release|Any CPU.ActiveCfg = Release|Any CPU
		{51CAEECF-0204-4551-AEEB-7567B9F039BA}.Release|Any CPU.Build.0 = Release|Any CPU
		{97D18F17-187F-4272-93EC-AD01BF313041}.Debug|Any CPU.ActiveCfg = Debug|Any CPU
		{97D18F17-187F-4272-93EC-AD01BF313041}.Debug|Any CPU.Build.0 = Debug|Any CPU
		{97D18F17-187F-4272-93EC-AD01BF313041}.Release|Any CPU.ActiveCfg = Release|Any CPU
		{97D18F17-187F-4272-93EC-AD01BF313041}.Release|Any CPU.Build.0 = Release|Any CPU
		{9F4AF962-E9D7-4999-80BC-968CBECCCE28}.Debug|Any CPU.ActiveCfg = Debug|Any CPU
		{9F4AF962-E9D7-4999-80BC-968CBECCCE28}.Debug|Any CPU.Build.0 = Debug|Any CPU
		{9F4AF962-E9D7-4999-80BC-968CBECCCE28}.Release|Any CPU.ActiveCfg = Release|Any CPU
		{9F4AF962-E9D7-4999-80BC-968CBECCCE28}.Release|Any CPU.Build.0 = Release|Any CPU
		{CF7D8242-BDFE-4D8A-8521-60CD3BC15E88}.Debug|Any CPU.ActiveCfg = Debug|Any CPU
		{CF7D8242-BDFE-4D8A-8521-60CD3BC15E88}.Debug|Any CPU.Build.0 = Debug|Any CPU
		{CF7D8242-BDFE-4D8A-8521-60CD3BC15E88}.Release|Any CPU.ActiveCfg = Release|Any CPU
		{CF7D8242-BDFE-4D8A-8521-60CD3BC15E88}.Release|Any CPU.Build.0 = Release|Any CPU
		{1FE002D7-B142-4474-992E-0B7B36B7E8FB}.Debug|Any CPU.ActiveCfg = Debug|Any CPU
		{1FE002D7-B142-4474-992E-0B7B36B7E8FB}.Debug|Any CPU.Build.0 = Debug|Any CPU
		{1FE002D7-B142-4474-992E-0B7B36B7E8FB}.Release|Any CPU.ActiveCfg = Release|Any CPU
		{1FE002D7-B142-4474-992E-0B7B36B7E8FB}.Release|Any CPU.Build.0 = Release|Any CPU
		{8E0B2C56-CECE-4959-9CBF-18884ABBF00E}.Debug|Any CPU.ActiveCfg = Debug|Any CPU
		{8E0B2C56-CECE-4959-9CBF-18884ABBF00E}.Debug|Any CPU.Build.0 = Debug|Any CPU
		{8E0B2C56-CECE-4959-9CBF-18884ABBF00E}.Release|Any CPU.ActiveCfg = Release|Any CPU
		{8E0B2C56-CECE-4959-9CBF-18884ABBF00E}.Release|Any CPU.Build.0 = Release|Any CPU
		{1668F607-E1C1-4577-A29D-71D14580CBCF}.Debug|Any CPU.ActiveCfg = Debug|Any CPU
		{1668F607-E1C1-4577-A29D-71D14580CBCF}.Debug|Any CPU.Build.0 = Debug|Any CPU
		{1668F607-E1C1-4577-A29D-71D14580CBCF}.Release|Any CPU.ActiveCfg = Release|Any CPU
		{1668F607-E1C1-4577-A29D-71D14580CBCF}.Release|Any CPU.Build.0 = Release|Any CPU
		{26982C46-5999-4E49-AEA2-563E2154851C}.Debug|Any CPU.ActiveCfg = Debug|Any CPU
		{26982C46-5999-4E49-AEA2-563E2154851C}.Debug|Any CPU.Build.0 = Debug|Any CPU
		{26982C46-5999-4E49-AEA2-563E2154851C}.Release|Any CPU.ActiveCfg = Release|Any CPU
		{26982C46-5999-4E49-AEA2-563E2154851C}.Release|Any CPU.Build.0 = Release|Any CPU
	EndGlobalSection
	GlobalSection(SolutionProperties) = preSolution
		HideSolutionNode = FALSE
	EndGlobalSection
	GlobalSection(ExtensibilityGlobals) = postSolution
		SolutionGuid = {2BFEE228-B774-4634-B24B-F58C32BA44D8}
	EndGlobalSection
EndGlobal
